
Microsoft Visual Studio Solution File, Format Version 12.00
# Visual Studio Version 17
VisualStudioVersion = 17.11.35219.272
MinimumVisualStudioVersion = 10.0.40219.1
Project("{FAE04EC0-301F-11D3-BF4B-00C04F79EFBC}") = "ProfileCRUD", "ProfileCRUD\ProfileCRUD.csproj", "{2AB98F79-1ADB-4DF2-960F-BDB49F985E0E}"
EndProject
Global
	GlobalSection(SolutionConfigurationPlatforms) = preSolution
		Debug|Any CPU = Debug|Any CPU
		Release|Any CPU = Release|Any CPU
	EndGlobalSection
	GlobalSection(ProjectConfigurationPlatforms) = postSolution
		{2AB98F79-1ADB-4DF2-960F-BDB49F985E0E}.Debug|Any CPU.ActiveCfg = Debug|Any CPU
		{2AB98F79-1ADB-4DF2-960F-BDB49F985E0E}.Debug|Any CPU.Build.0 = Debug|Any CPU
		{2AB98F79-1ADB-4DF2-960F-BDB49F985E0E}.Release|Any CPU.ActiveCfg = Release|Any CPU
		{2AB98F79-1ADB-4DF2-960F-BDB49F985E0E}.Release|Any CPU.Build.0 = Release|Any CPU
	EndGlobalSection
	GlobalSection(SolutionProperties) = preSolution
		HideSolutionNode = FALSE
	EndGlobalSection
	GlobalSection(ExtensibilityGlobals) = postSolution
		SolutionGuid = {0F3511DD-3880-4B7A-B106-8A1E13A446F1}
	EndGlobalSection
EndGlobal
